// !$*UTF8*$!
{
	archiveVersion = 1;
	classes = {
	};
	objectVersion = 55;
	objects = {

/* Begin PBXBuildFile section */
		6371F6C027FC37530081882F /* EventMonitor.swift in Sources */ = {isa = PBXBuildFile; fileRef = 6371F6BF27FC37530081882F /* EventMonitor.swift */; };
		6389CD6C27FB3B1300FCB4E9 /* AppDelegate.swift in Sources */ = {isa = PBXBuildFile; fileRef = 6389CD6B27FB3B1300FCB4E9 /* AppDelegate.swift */; };
		6389CD6E27FB3B1300FCB4E9 /* ViewController.swift in Sources */ = {isa = PBXBuildFile; fileRef = 6389CD6D27FB3B1300FCB4E9 /* ViewController.swift */; };
		6389CD7127FB3B1300FCB4E9 /* scrcpy_agent.xcdatamodeld in Sources */ = {isa = PBXBuildFile; fileRef = 6389CD6F27FB3B1300FCB4E9 /* scrcpy_agent.xcdatamodeld */; };
		6389CD7327FB3B1300FCB4E9 /* Assets.xcassets in Resources */ = {isa = PBXBuildFile; fileRef = 6389CD7227FB3B1300FCB4E9 /* Assets.xcassets */; };
		6389CD7627FB3B1300FCB4E9 /* Main.storyboard in Resources */ = {isa = PBXBuildFile; fileRef = 6389CD7427FB3B1300FCB4E9 /* Main.storyboard */; };
		6389CD8127FB3B1400FCB4E9 /* scrcpy_agentTests.swift in Sources */ = {isa = PBXBuildFile; fileRef = 6389CD8027FB3B1400FCB4E9 /* scrcpy_agentTests.swift */; };
		6389CD8B27FB3B1400FCB4E9 /* scrcpy_agentUITests.swift in Sources */ = {isa = PBXBuildFile; fileRef = 6389CD8A27FB3B1400FCB4E9 /* scrcpy_agentUITests.swift */; };
		6389CD8D27FB3B1400FCB4E9 /* scrcpy_agentUITestsLaunchTests.swift in Sources */ = {isa = PBXBuildFile; fileRef = 6389CD8C27FB3B1400FCB4E9 /* scrcpy_agentUITestsLaunchTests.swift */; };
/* End PBXBuildFile section */

/* Begin PBXContainerItemProxy section */
		6389CD7D27FB3B1400FCB4E9 /* PBXContainerItemProxy */ = {
			isa = PBXContainerItemProxy;
			containerPortal = 6389CD6027FB3B1300FCB4E9 /* Project object */;
			proxyType = 1;
			remoteGlobalIDString = 6389CD6727FB3B1300FCB4E9;
			remoteInfo = "scrcpy-agent";
		};
		6389CD8727FB3B1400FCB4E9 /* PBXContainerItemProxy */ = {
			isa = PBXContainerItemProxy;
			containerPortal = 6389CD6027FB3B1300FCB4E9 /* Project object */;
			proxyType = 1;
			remoteGlobalIDString = 6389CD6727FB3B1300FCB4E9;
			remoteInfo = "scrcpy-agent";
		};
/* End PBXContainerItemProxy section */

/* Begin PBXFileReference section */
		6371F6BF27FC37530081882F /* EventMonitor.swift */ = {isa = PBXFileReference; lastKnownFileType = sourcecode.swift; path = EventMonitor.swift; sourceTree = "<group>"; };
		6389CD6827FB3B1300FCB4E9 /* scrcpy-agent.app */ = {isa = PBXFileReference; explicitFileType = wrapper.application; includeInIndex = 0; path = "scrcpy-agent.app"; sourceTree = BUILT_PRODUCTS_DIR; };
		6389CD6B27FB3B1300FCB4E9 /* AppDelegate.swift */ = {isa = PBXFileReference; lastKnownFileType = sourcecode.swift; path = AppDelegate.swift; sourceTree = "<group>"; };
		6389CD6D27FB3B1300FCB4E9 /* ViewController.swift */ = {isa = PBXFileReference; lastKnownFileType = sourcecode.swift; path = ViewController.swift; sourceTree = "<group>"; };
		6389CD7027FB3B1300FCB4E9 /* scrcpy_agent.xcdatamodel */ = {isa = PBXFileReference; lastKnownFileType = wrapper.xcdatamodel; path = scrcpy_agent.xcdatamodel; sourceTree = "<group>"; };
		6389CD7227FB3B1300FCB4E9 /* Assets.xcassets */ = {isa = PBXFileReference; lastKnownFileType = folder.assetcatalog; path = Assets.xcassets; sourceTree = "<group>"; };
		6389CD7527FB3B1300FCB4E9 /* Base */ = {isa = PBXFileReference; lastKnownFileType = file.storyboard; name = Base; path = Base.lproj/Main.storyboard; sourceTree = "<group>"; };
		6389CD7727FB3B1300FCB4E9 /* scrcpy_agent.entitlements */ = {isa = PBXFileReference; lastKnownFileType = text.plist.entitlements; path = scrcpy_agent.entitlements; sourceTree = "<group>"; };
		6389CD7C27FB3B1400FCB4E9 /* scrcpy-agentTests.xctest */ = {isa = PBXFileReference; explicitFileType = wrapper.cfbundle; includeInIndex = 0; path = "scrcpy-agentTests.xctest"; sourceTree = BUILT_PRODUCTS_DIR; };
		6389CD8027FB3B1400FCB4E9 /* scrcpy_agentTests.swift */ = {isa = PBXFileReference; lastKnownFileType = sourcecode.swift; path = scrcpy_agentTests.swift; sourceTree = "<group>"; };
		6389CD8627FB3B1400FCB4E9 /* scrcpy-agentUITests.xctest */ = {isa = PBXFileReference; explicitFileType = wrapper.cfbundle; includeInIndex = 0; path = "scrcpy-agentUITests.xctest"; sourceTree = BUILT_PRODUCTS_DIR; };
		6389CD8A27FB3B1400FCB4E9 /* scrcpy_agentUITests.swift */ = {isa = PBXFileReference; lastKnownFileType = sourcecode.swift; path = scrcpy_agentUITests.swift; sourceTree = "<group>"; };
		6389CD8C27FB3B1400FCB4E9 /* scrcpy_agentUITestsLaunchTests.swift */ = {isa = PBXFileReference; lastKnownFileType = sourcecode.swift; path = scrcpy_agentUITestsLaunchTests.swift; sourceTree = "<group>"; };
		6389CD9927FB3B7400FCB4E9 /* Info.plist */ = {isa = PBXFileReference; lastKnownFileType = text.plist; path = Info.plist; sourceTree = "<group>"; };
/* End PBXFileReference section */

/* Begin PBXFrameworksBuildPhase section */
		6389CD6527FB3B1300FCB4E9 /* Frameworks */ = {
			isa = PBXFrameworksBuildPhase;
			buildActionMask = 2147483647;
			files = (
			);
			runOnlyForDeploymentPostprocessing = 0;
		};
		6389CD7927FB3B1400FCB4E9 /* Frameworks */ = {
			isa = PBXFrameworksBuildPhase;
			buildActionMask = 2147483647;
			files = (
			);
			runOnlyForDeploymentPostprocessing = 0;
		};
		6389CD8327FB3B1400FCB4E9 /* Frameworks */ = {
			isa = PBXFrameworksBuildPhase;
			buildActionMask = 2147483647;
			files = (
			);
			runOnlyForDeploymentPostprocessing = 0;
		};
/* End PBXFrameworksBuildPhase section */

/* Begin PBXGroup section */
		6389CD5F27FB3B1300FCB4E9 = {
			isa = PBXGroup;
			children = (
				6389CD6A27FB3B1300FCB4E9 /* scrcpy-agent */,
				6389CD7F27FB3B1400FCB4E9 /* scrcpy-agentTests */,
				6389CD8927FB3B1400FCB4E9 /* scrcpy-agentUITests */,
				6389CD6927FB3B1300FCB4E9 /* Products */,
			);
			sourceTree = "<group>";
		};
		6389CD6927FB3B1300FCB4E9 /* Products */ = {
			isa = PBXGroup;
			children = (
				6389CD6827FB3B1300FCB4E9 /* scrcpy-agent.app */,
				6389CD7C27FB3B1400FCB4E9 /* scrcpy-agentTests.xctest */,
				6389CD8627FB3B1400FCB4E9 /* scrcpy-agentUITests.xctest */,
			);
			name = Products;
			sourceTree = "<group>";
		};
		6389CD6A27FB3B1300FCB4E9 /* scrcpy-agent */ = {
			isa = PBXGroup;
			children = (
				6389CD9927FB3B7400FCB4E9 /* Info.plist */,
				6389CD6B27FB3B1300FCB4E9 /* AppDelegate.swift */,
				6389CD6D27FB3B1300FCB4E9 /* ViewController.swift */,
				6371F6BF27FC37530081882F /* EventMonitor.swift */,
				6389CD7227FB3B1300FCB4E9 /* Assets.xcassets */,
				6389CD7427FB3B1300FCB4E9 /* Main.storyboard */,
				6389CD7727FB3B1300FCB4E9 /* scrcpy_agent.entitlements */,
				6389CD6F27FB3B1300FCB4E9 /* scrcpy_agent.xcdatamodeld */,
			);
			path = "scrcpy-agent";
			sourceTree = "<group>";
		};
		6389CD7F27FB3B1400FCB4E9 /* scrcpy-agentTests */ = {
			isa = PBXGroup;
			children = (
				6389CD8027FB3B1400FCB4E9 /* scrcpy_agentTests.swift */,
			);
			path = "scrcpy-agentTests";
			sourceTree = "<group>";
		};
		6389CD8927FB3B1400FCB4E9 /* scrcpy-agentUITests */ = {
			isa = PBXGroup;
			children = (
				6389CD8A27FB3B1400FCB4E9 /* scrcpy_agentUITests.swift */,
				6389CD8C27FB3B1400FCB4E9 /* scrcpy_agentUITestsLaunchTests.swift */,
			);
			path = "scrcpy-agentUITests";
			sourceTree = "<group>";
		};
/* End PBXGroup section */

/* Begin PBXNativeTarget section */
		6389CD6727FB3B1300FCB4E9 /* scrcpy-agent */ = {
			isa = PBXNativeTarget;
			buildConfigurationList = 6389CD9027FB3B1400FCB4E9 /* Build configuration list for PBXNativeTarget "scrcpy-agent" */;
			buildPhases = (
				6389CD6427FB3B1300FCB4E9 /* Sources */,
				6389CD6527FB3B1300FCB4E9 /* Frameworks */,
				6389CD6627FB3B1300FCB4E9 /* Resources */,
			);
			buildRules = (
			);
			dependencies = (
			);
			name = "scrcpy-agent";
			productName = "scrcpy-agent";
			productReference = 6389CD6827FB3B1300FCB4E9 /* scrcpy-agent.app */;
			productType = "com.apple.product-type.application";
		};
		6389CD7B27FB3B1400FCB4E9 /* scrcpy-agentTests */ = {
			isa = PBXNativeTarget;
			buildConfigurationList = 6389CD9327FB3B1400FCB4E9 /* Build configuration list for PBXNativeTarget "scrcpy-agentTests" */;
			buildPhases = (
				6389CD7827FB3B1400FCB4E9 /* Sources */,
				6389CD7927FB3B1400FCB4E9 /* Frameworks */,
				6389CD7A27FB3B1400FCB4E9 /* Resources */,
			);
			buildRules = (
			);
			dependencies = (
				6389CD7E27FB3B1400FCB4E9 /* PBXTargetDependency */,
			);
			name = "scrcpy-agentTests";
			productName = "scrcpy-agentTests";
			productReference = 6389CD7C27FB3B1400FCB4E9 /* scrcpy-agentTests.xctest */;
			productType = "com.apple.product-type.bundle.unit-test";
		};
		6389CD8527FB3B1400FCB4E9 /* scrcpy-agentUITests */ = {
			isa = PBXNativeTarget;
			buildConfigurationList = 6389CD9627FB3B1400FCB4E9 /* Build configuration list for PBXNativeTarget "scrcpy-agentUITests" */;
			buildPhases = (
				6389CD8227FB3B1400FCB4E9 /* Sources */,
				6389CD8327FB3B1400FCB4E9 /* Frameworks */,
				6389CD8427FB3B1400FCB4E9 /* Resources */,
			);
			buildRules = (
			);
			dependencies = (
				6389CD8827FB3B1400FCB4E9 /* PBXTargetDependency */,
			);
			name = "scrcpy-agentUITests";
			productName = "scrcpy-agentUITests";
			productReference = 6389CD8627FB3B1400FCB4E9 /* scrcpy-agentUITests.xctest */;
			productType = "com.apple.product-type.bundle.ui-testing";
		};
/* End PBXNativeTarget section */

/* Begin PBXProject section */
		6389CD6027FB3B1300FCB4E9 /* Project object */ = {
			isa = PBXProject;
			attributes = {
				BuildIndependentTargetsInParallel = 1;
				LastSwiftUpdateCheck = 1330;
				LastUpgradeCheck = 1330;
				TargetAttributes = {
					6389CD6727FB3B1300FCB4E9 = {
						CreatedOnToolsVersion = 13.3;
					};
					6389CD7B27FB3B1400FCB4E9 = {
						CreatedOnToolsVersion = 13.3;
						TestTargetID = 6389CD6727FB3B1300FCB4E9;
					};
					6389CD8527FB3B1400FCB4E9 = {
						CreatedOnToolsVersion = 13.3;
						TestTargetID = 6389CD6727FB3B1300FCB4E9;
					};
				};
			};
			buildConfigurationList = 6389CD6327FB3B1300FCB4E9 /* Build configuration list for PBXProject "scrcpy-agent" */;
			compatibilityVersion = "Xcode 13.0";
			developmentRegion = en;
			hasScannedForEncodings = 0;
			knownRegions = (
				en,
				Base,
			);
			mainGroup = 6389CD5F27FB3B1300FCB4E9;
			productRefGroup = 6389CD6927FB3B1300FCB4E9 /* Products */;
			projectDirPath = "";
			projectRoot = "";
			targets = (
				6389CD6727FB3B1300FCB4E9 /* scrcpy-agent */,
				6389CD7B27FB3B1400FCB4E9 /* scrcpy-agentTests */,
				6389CD8527FB3B1400FCB4E9 /* scrcpy-agentUITests */,
			);
		};
/* End PBXProject section */

/* Begin PBXResourcesBuildPhase section */
		6389CD6627FB3B1300FCB4E9 /* Resources */ = {
			isa = PBXResourcesBuildPhase;
			buildActionMask = 2147483647;
			files = (
				6389CD7327FB3B1300FCB4E9 /* Assets.xcassets in Resources */,
				6389CD7627FB3B1300FCB4E9 /* Main.storyboard in Resources */,
			);
			runOnlyForDeploymentPostprocessing = 0;
		};
		6389CD7A27FB3B1400FCB4E9 /* Resources */ = {
			isa = PBXResourcesBuildPhase;
			buildActionMask = 2147483647;
			files = (
			);
			runOnlyForDeploymentPostprocessing = 0;
		};
		6389CD8427FB3B1400FCB4E9 /* Resources */ = {
			isa = PBXResourcesBuildPhase;
			buildActionMask = 2147483647;
			files = (
			);
			runOnlyForDeploymentPostprocessing = 0;
		};
/* End PBXResourcesBuildPhase section */

/* Begin PBXSourcesBuildPhase section */
		6389CD6427FB3B1300FCB4E9 /* Sources */ = {
			isa = PBXSourcesBuildPhase;
			buildActionMask = 2147483647;
			files = (
				6389CD6E27FB3B1300FCB4E9 /* ViewController.swift in Sources */,
				6389CD7127FB3B1300FCB4E9 /* scrcpy_agent.xcdatamodeld in Sources */,
				6389CD6C27FB3B1300FCB4E9 /* AppDelegate.swift in Sources */,
				6371F6C027FC37530081882F /* EventMonitor.swift in Sources */,
			);
			runOnlyForDeploymentPostprocessing = 0;
		};
		6389CD7827FB3B1400FCB4E9 /* Sources */ = {
			isa = PBXSourcesBuildPhase;
			buildActionMask = 2147483647;
			files = (
				6389CD8127FB3B1400FCB4E9 /* scrcpy_agentTests.swift in Sources */,
			);
			runOnlyForDeploymentPostprocessing = 0;
		};
		6389CD8227FB3B1400FCB4E9 /* Sources */ = {
			isa = PBXSourcesBuildPhase;
			buildActionMask = 2147483647;
			files = (
				6389CD8D27FB3B1400FCB4E9 /* scrcpy_agentUITestsLaunchTests.swift in Sources */,
				6389CD8B27FB3B1400FCB4E9 /* scrcpy_agentUITests.swift in Sources */,
			);
			runOnlyForDeploymentPostprocessing = 0;
		};
/* End PBXSourcesBuildPhase section */

/* Begin PBXTargetDependency section */
		6389CD7E27FB3B1400FCB4E9 /* PBXTargetDependency */ = {
			isa = PBXTargetDependency;
			target = 6389CD6727FB3B1300FCB4E9 /* scrcpy-agent */;
			targetProxy = 6389CD7D27FB3B1400FCB4E9 /* PBXContainerItemProxy */;
		};
		6389CD8827FB3B1400FCB4E9 /* PBXTargetDependency */ = {
			isa = PBXTargetDependency;
			target = 6389CD6727FB3B1300FCB4E9 /* scrcpy-agent */;
			targetProxy = 6389CD8727FB3B1400FCB4E9 /* PBXContainerItemProxy */;
		};
/* End PBXTargetDependency section */

/* Begin PBXVariantGroup section */
		6389CD7427FB3B1300FCB4E9 /* Main.storyboard */ = {
			isa = PBXVariantGroup;
			children = (
				6389CD7527FB3B1300FCB4E9 /* Base */,
			);
			name = Main.storyboard;
			sourceTree = "<group>";
		};
/* End PBXVariantGroup section */

/* Begin XCBuildConfiguration section */
		6389CD8E27FB3B1400FCB4E9 /* Debug */ = {
			isa = XCBuildConfiguration;
			buildSettings = {
				ALWAYS_SEARCH_USER_PATHS = NO;
				CLANG_ANALYZER_NONNULL = YES;
				CLANG_ANALYZER_NUMBER_OBJECT_CONVERSION = YES_AGGRESSIVE;
				CLANG_CXX_LANGUAGE_STANDARD = "gnu++17";
				CLANG_ENABLE_MODULES = YES;
				CLANG_ENABLE_OBJC_ARC = YES;
				CLANG_ENABLE_OBJC_WEAK = YES;
				CLANG_WARN_BLOCK_CAPTURE_AUTORELEASING = YES;
				CLANG_WARN_BOOL_CONVERSION = YES;
				CLANG_WARN_COMMA = YES;
				CLANG_WARN_CONSTANT_CONVERSION = YES;
				CLANG_WARN_DEPRECATED_OBJC_IMPLEMENTATIONS = YES;
				CLANG_WARN_DIRECT_OBJC_ISA_USAGE = YES_ERROR;
				CLANG_WARN_DOCUMENTATION_COMMENTS = YES;
				CLANG_WARN_EMPTY_BODY = YES;
				CLANG_WARN_ENUM_CONVERSION = YES;
				CLANG_WARN_INFINITE_RECURSION = YES;
				CLANG_WARN_INT_CONVERSION = YES;
				CLANG_WARN_NON_LITERAL_NULL_CONVERSION = YES;
				CLANG_WARN_OBJC_IMPLICIT_RETAIN_SELF = YES;
				CLANG_WARN_OBJC_LITERAL_CONVERSION = YES;
				CLANG_WARN_OBJC_ROOT_CLASS = YES_ERROR;
				CLANG_WARN_QUOTED_INCLUDE_IN_FRAMEWORK_HEADER = YES;
				CLANG_WARN_RANGE_LOOP_ANALYSIS = YES;
				CLANG_WARN_STRICT_PROTOTYPES = YES;
				CLANG_WARN_SUSPICIOUS_MOVE = YES;
				CLANG_WARN_UNGUARDED_AVAILABILITY = YES_AGGRESSIVE;
				CLANG_WARN_UNREACHABLE_CODE = YES;
				CLANG_WARN__DUPLICATE_METHOD_MATCH = YES;
				COPY_PHASE_STRIP = NO;
				DEBUG_INFORMATION_FORMAT = dwarf;
				ENABLE_STRICT_OBJC_MSGSEND = YES;
				ENABLE_TESTABILITY = YES;
				GCC_C_LANGUAGE_STANDARD = gnu11;
				GCC_DYNAMIC_NO_PIC = NO;
				GCC_NO_COMMON_BLOCKS = YES;
				GCC_OPTIMIZATION_LEVEL = 0;
				GCC_PREPROCESSOR_DEFINITIONS = (
					"DEBUG=1",
					"$(inherited)",
				);
				GCC_WARN_64_TO_32_BIT_CONVERSION = YES;
				GCC_WARN_ABOUT_RETURN_TYPE = YES_ERROR;
				GCC_WARN_UNDECLARED_SELECTOR = YES;
				GCC_WARN_UNINITIALIZED_AUTOS = YES_AGGRESSIVE;
				GCC_WARN_UNUSED_FUNCTION = YES;
				GCC_WARN_UNUSED_VARIABLE = YES;
				MACOSX_DEPLOYMENT_TARGET = 12.3;
				MTL_ENABLE_DEBUG_INFO = INCLUDE_SOURCE;
				MTL_FAST_MATH = YES;
				ONLY_ACTIVE_ARCH = YES;
				SDKROOT = macosx;
				SWIFT_ACTIVE_COMPILATION_CONDITIONS = DEBUG;
				SWIFT_OPTIMIZATION_LEVEL = "-Onone";
			};
			name = Debug;
		};
		6389CD8F27FB3B1400FCB4E9 /* Release */ = {
			isa = XCBuildConfiguration;
			buildSettings = {
				ALWAYS_SEARCH_USER_PATHS = NO;
				CLANG_ANALYZER_NONNULL = YES;
				CLANG_ANALYZER_NUMBER_OBJECT_CONVERSION = YES_AGGRESSIVE;
				CLANG_CXX_LANGUAGE_STANDARD = "gnu++17";
				CLANG_ENABLE_MODULES = YES;
				CLANG_ENABLE_OBJC_ARC = YES;
				CLANG_ENABLE_OBJC_WEAK = YES;
				CLANG_WARN_BLOCK_CAPTURE_AUTORELEASING = YES;
				CLANG_WARN_BOOL_CONVERSION = YES;
				CLANG_WARN_COMMA = YES;
				CLANG_WARN_CONSTANT_CONVERSION = YES;
				CLANG_WARN_DEPRECATED_OBJC_IMPLEMENTATIONS = YES;
				CLANG_WARN_DIRECT_OBJC_ISA_USAGE = YES_ERROR;
				CLANG_WARN_DOCUMENTATION_COMMENTS = YES;
				CLANG_WARN_EMPTY_BODY = YES;
				CLANG_WARN_ENUM_CONVERSION = YES;
				CLANG_WARN_INFINITE_RECURSION = YES;
				CLANG_WARN_INT_CONVERSION = YES;
				CLANG_WARN_NON_LITERAL_NULL_CONVERSION = YES;
				CLANG_WARN_OBJC_IMPLICIT_RETAIN_SELF = YES;
				CLANG_WARN_OBJC_LITERAL_CONVERSION = YES;
				CLANG_WARN_OBJC_ROOT_CLASS = YES_ERROR;
				CLANG_WARN_QUOTED_INCLUDE_IN_FRAMEWORK_HEADER = YES;
				CLANG_WARN_RANGE_LOOP_ANALYSIS = YES;
				CLANG_WARN_STRICT_PROTOTYPES = YES;
				CLANG_WARN_SUSPICIOUS_MOVE = YES;
				CLANG_WARN_UNGUARDED_AVAILABILITY = YES_AGGRESSIVE;
				CLANG_WARN_UNREACHABLE_CODE = YES;
				CLANG_WARN__DUPLICATE_METHOD_MATCH = YES;
				COPY_PHASE_STRIP = NO;
				DEBUG_INFORMATION_FORMAT = "dwarf-with-dsym";
				ENABLE_NS_ASSERTIONS = NO;
				ENABLE_STRICT_OBJC_MSGSEND = YES;
				GCC_C_LANGUAGE_STANDARD = gnu11;
				GCC_NO_COMMON_BLOCKS = YES;
				GCC_WARN_64_TO_32_BIT_CONVERSION = YES;
				GCC_WARN_ABOUT_RETURN_TYPE = YES_ERROR;
				GCC_WARN_UNDECLARED_SELECTOR = YES;
				GCC_WARN_UNINITIALIZED_AUTOS = YES_AGGRESSIVE;
				GCC_WARN_UNUSED_FUNCTION = YES;
				GCC_WARN_UNUSED_VARIABLE = YES;
				MACOSX_DEPLOYMENT_TARGET = 12.3;
				MTL_ENABLE_DEBUG_INFO = NO;
				MTL_FAST_MATH = YES;
				SDKROOT = macosx;
				SWIFT_COMPILATION_MODE = wholemodule;
				SWIFT_OPTIMIZATION_LEVEL = "-O";
			};
			name = Release;
		};
		6389CD9127FB3B1400FCB4E9 /* Debug */ = {
			isa = XCBuildConfiguration;
			buildSettings = {
				ASSETCATALOG_COMPILER_APPICON_NAME = AppIcon;
				ASSETCATALOG_COMPILER_GLOBAL_ACCENT_COLOR_NAME = AccentColor;
				CODE_SIGN_ENTITLEMENTS = "scrcpy-agent/scrcpy_agent.entitlements";
				CODE_SIGN_STYLE = Automatic;
				COMBINE_HIDPI_IMAGES = YES;
				CURRENT_PROJECT_VERSION = 1;
				GENERATE_INFOPLIST_FILE = YES;
				INFOPLIST_FILE = "scrcpy-agent/Info.plist";
				INFOPLIST_KEY_NSHumanReadableCopyright = "";
				INFOPLIST_KEY_NSMainStoryboardFile = Main;
				INFOPLIST_KEY_NSPrincipalClass = NSApplication;
				LD_RUNPATH_SEARCH_PATHS = (
					"$(inherited)",
					"@executable_path/../Frameworks",
				);
				MARKETING_VERSION = 1.0;
				PRODUCT_BUNDLE_IDENTIFIER = "com.luca.scrcpy-agent";
				PRODUCT_NAME = "$(TARGET_NAME)";
				SWIFT_EMIT_LOC_STRINGS = YES;
				SWIFT_VERSION = 5.0;
			};
			name = Debug;
		};
		6389CD9227FB3B1400FCB4E9 /* Release */ = {
			isa = XCBuildConfiguration;
			buildSettings = {
				ASSETCATALOG_COMPILER_APPICON_NAME = AppIcon;
				ASSETCATALOG_COMPILER_GLOBAL_ACCENT_COLOR_NAME = AccentColor;
				CODE_SIGN_ENTITLEMENTS = "scrcpy-agent/scrcpy_agent.entitlements";
				CODE_SIGN_STYLE = Automatic;
				COMBINE_HIDPI_IMAGES = YES;
				CURRENT_PROJECT_VERSION = 1;
				GENERATE_INFOPLIST_FILE = YES;
				INFOPLIST_FILE = "scrcpy-agent/Info.plist";
				INFOPLIST_KEY_NSHumanReadableCopyright = "";
				INFOPLIST_KEY_NSMainStoryboardFile = Main;
				INFOPLIST_KEY_NSPrincipalClass = NSApplication;
				LD_RUNPATH_SEARCH_PATHS = (
					"$(inherited)",
					"@executable_path/../Frameworks",
				);
				MARKETING_VERSION = 1.0;
				PRODUCT_BUNDLE_IDENTIFIER = "com.luca.scrcpy-agent";
				PRODUCT_NAME = "$(TARGET_NAME)";
				SWIFT_EMIT_LOC_STRINGS = YES;
				SWIFT_VERSION = 5.0;
			};
			name = Release;
		};
		6389CD9427FB3B1400FCB4E9 /* Debug */ = {
			isa = XCBuildConfiguration;
			buildSettings = {
				ALWAYS_EMBED_SWIFT_STANDARD_LIBRARIES = YES;
				BUNDLE_LOADER = "$(TEST_HOST)";
				CODE_SIGN_STYLE = Automatic;
				CURRENT_PROJECT_VERSION = 1;
				GENERATE_INFOPLIST_FILE = YES;
				MACOSX_DEPLOYMENT_TARGET = 12.3;
				MARKETING_VERSION = 1.0;
				PRODUCT_BUNDLE_IDENTIFIER = "com.luca.scrcpy-agentTests";
				PRODUCT_NAME = "$(TARGET_NAME)";
				SWIFT_EMIT_LOC_STRINGS = NO;
				SWIFT_VERSION = 5.0;
				TEST_HOST = "$(BUILT_PRODUCTS_DIR)/scrcpy-agent.app/Contents/MacOS/scrcpy-agent";
			};
			name = Debug;
		};
		6389CD9527FB3B1400FCB4E9 /* Release */ = {
			isa = XCBuildConfiguration;
			buildSettings = {
				ALWAYS_EMBED_SWIFT_STANDARD_LIBRARIES = YES;
				BUNDLE_LOADER = "$(TEST_HOST)";
				CODE_SIGN_STYLE = Automatic;
				CURRENT_PROJECT_VERSION = 1;
				GENERATE_INFOPLIST_FILE = YES;
				MACOSX_DEPLOYMENT_TARGET = 12.3;
				MARKETING_VERSION = 1.0;
				PRODUCT_BUNDLE_IDENTIFIER = "com.luca.scrcpy-agentTests";
				PRODUCT_NAME = "$(TARGET_NAME)";
				SWIFT_EMIT_LOC_STRINGS = NO;
				SWIFT_VERSION = 5.0;
				TEST_HOST = "$(BUILT_PRODUCTS_DIR)/scrcpy-agent.app/Contents/MacOS/scrcpy-agent";
			};
			name = Release;
		};
		6389CD9727FB3B1400FCB4E9 /* Debug */ = {
			isa = XCBuildConfiguration;
			buildSettings = {
				ALWAYS_EMBED_SWIFT_STANDARD_LIBRARIES = YES;
				CODE_SIGN_STYLE = Automatic;
				CURRENT_PROJECT_VERSION = 1;
				GENERATE_INFOPLIST_FILE = YES;
				MARKETING_VERSION = 1.0;
				PRODUCT_BUNDLE_IDENTIFIER = "com.luca.scrcpy-agentUITests";
				PRODUCT_NAME = "$(TARGET_NAME)";
				SWIFT_EMIT_LOC_STRINGS = NO;
				SWIFT_VERSION = 5.0;
				TEST_TARGET_NAME = "scrcpy-agent";
			};
			name = Debug;
		};
		6389CD9827FB3B1400FCB4E9 /* Release */ = {
			isa = XCBuildConfiguration;
			buildSettings = {
				ALWAYS_EMBED_SWIFT_STANDARD_LIBRARIES = YES;
				CODE_SIGN_STYLE = Automatic;
				CURRENT_PROJECT_VERSION = 1;
				GENERATE_INFOPLIST_FILE = YES;
				MARKETING_VERSION = 1.0;
				PRODUCT_BUNDLE_IDENTIFIER = "com.luca.scrcpy-agentUITests";
				PRODUCT_NAME = "$(TARGET_NAME)";
				SWIFT_EMIT_LOC_STRINGS = NO;
				SWIFT_VERSION = 5.0;
				TEST_TARGET_NAME = "scrcpy-agent";
			};
			name = Release;
		};
/* End XCBuildConfiguration section */

/* Begin XCConfigurationList section */
		6389CD6327FB3B1300FCB4E9 /* Build configuration list for PBXProject "scrcpy-agent" */ = {
			isa = XCConfigurationList;
			buildConfigurations = (
				6389CD8E27FB3B1400FCB4E9 /* Debug */,
				6389CD8F27FB3B1400FCB4E9 /* Release */,
			);
			defaultConfigurationIsVisible = 0;
			defaultConfigurationName = Release;
		};
		6389CD9027FB3B1400FCB4E9 /* Build configuration list for PBXNativeTarget "scrcpy-agent" */ = {
			isa = XCConfigurationList;
			buildConfigurations = (
				6389CD9127FB3B1400FCB4E9 /* Debug */,
				6389CD9227FB3B1400FCB4E9 /* Release */,
			);
			defaultConfigurationIsVisible = 0;
			defaultConfigurationName = Release;
		};
		6389CD9327FB3B1400FCB4E9 /* Build configuration list for PBXNativeTarget "scrcpy-agentTests" */ = {
			isa = XCConfigurationList;
			buildConfigurations = (
				6389CD9427FB3B1400FCB4E9 /* Debug */,
				6389CD9527FB3B1400FCB4E9 /* Release */,
			);
			defaultConfigurationIsVisible = 0;
			defaultConfigurationName = Release;
		};
		6389CD9627FB3B1400FCB4E9 /* Build configuration list for PBXNativeTarget "scrcpy-agentUITests" */ = {
			isa = XCConfigurationList;
			buildConfigurations = (
				6389CD9727FB3B1400FCB4E9 /* Debug */,
				6389CD9827FB3B1400FCB4E9 /* Release */,
			);
			defaultConfigurationIsVisible = 0;
			defaultConfigurationName = Release;
		};
/* End XCConfigurationList section */

/* Begin XCVersionGroup section */
		6389CD6F27FB3B1300FCB4E9 /* scrcpy_agent.xcdatamodeld */ = {
			isa = XCVersionGroup;
			children = (
				6389CD7027FB3B1300FCB4E9 /* scrcpy_agent.xcdatamodel */,
			);
			currentVersion = 6389CD7027FB3B1300FCB4E9 /* scrcpy_agent.xcdatamodel */;
			path = scrcpy_agent.xcdatamodeld;
			sourceTree = "<group>";
			versionGroupType = wrapper.xcdatamodel;
		};
/* End XCVersionGroup section */
	};
	rootObject = 6389CD6027FB3B1300FCB4E9 /* Project object */;
}
